
Microsoft Visual Studio Solution File, Format Version 12.00
# Visual Studio Version 16
VisualStudioVersion = 16.0.29920.165
MinimumVisualStudioVersion = 10.0.40219.1
Project("{2150E333-8FDC-42A3-9474-1A3956D46DE8}") = "Application", "Application", "{1C55A6CB-7DBA-4C47-9B0A-C2F79FE94F03}"
EndProject
Project("{2150E333-8FDC-42A3-9474-1A3956D46DE8}") = "Domain", "Domain", "{40CC40CA-65BA-43AC-B552-6DF79388E082}"
EndProject
Project("{2150E333-8FDC-42A3-9474-1A3956D46DE8}") = "Infra.IoC", "Infra.IoC", "{18C858FF-38F9-448E-8E89-601C289912B3}"
EndProject
Project("{2150E333-8FDC-42A3-9474-1A3956D46DE8}") = "Infra.Data", "Infra.Data", "{30BDF3EB-3FB0-4DFE-A5FE-1B46C898AA34}"
EndProject
Project("{2150E333-8FDC-42A3-9474-1A3956D46DE8}") = "Presentation", "Presentation", "{DE68EC60-724F-4623-B699-219B9B7EEDD2}"
EndProject
Project("{FAE04EC0-301F-11D3-BF4B-00C04F79EFBC}") = "CleanArch.MVC", "..\CleanArch.MVC\CleanArch.MVC.csproj", "{456F3169-98A5-49E6-BF64-0956A7B38132}"
EndProject
Global
	GlobalSection(SolutionConfigurationPlatforms) = preSolution
		Debug|Any CPU = Debug|Any CPU
		Release|Any CPU = Release|Any CPU
	EndGlobalSection
	GlobalSection(ProjectConfigurationPlatforms) = postSolution
		{456F3169-98A5-49E6-BF64-0956A7B38132}.Debug|Any CPU.ActiveCfg = Debug|Any CPU
		{456F3169-98A5-49E6-BF64-0956A7B38132}.Debug|Any CPU.Build.0 = Debug|Any CPU
		{456F3169-98A5-49E6-BF64-0956A7B38132}.Release|Any CPU.ActiveCfg = Release|Any CPU
		{456F3169-98A5-49E6-BF64-0956A7B38132}.Release|Any CPU.Build.0 = Release|Any CPU
	EndGlobalSection
	GlobalSection(SolutionProperties) = preSolution
		HideSolutionNode = FALSE
	EndGlobalSection
	GlobalSection(NestedProjects) = preSolution
		{456F3169-98A5-49E6-BF64-0956A7B38132} = {DE68EC60-724F-4623-B699-219B9B7EEDD2}
	EndGlobalSection
	GlobalSection(ExtensibilityGlobals) = postSolution
		SolutionGuid = {91A6B28C-9B01-4FDF-8318-86F2DFAF2B17}
	EndGlobalSection
EndGlobal
